{
  "name": "portfolio",
  "version": "1.0.0",
  "lockfileVersion": 2,
  "requires": true,
  "packages": {
    "": {
      "name": "portfolio",
      "version": "1.0.0",
      "license": "ISC",
      "dependencies": {
        "@carbon/grid": "^11.11.0",
        "@carbon/layout": "^11.11.0"
      }
    },
    "node_modules/@carbon/grid": {
      "version": "11.11.0",
      "resolved": "https://registry.npmjs.org/@carbon/grid/-/grid-11.11.0.tgz",
      "integrity": "sha512-07U2cC5lgvy7gWveUtE0wuYUxu6Dndglnajy1FJAeV7BEd2t6cgU/t7AOaL8RhoXPjE7tarN5tnZImw5nmzQYQ==",
      "dependencies": {
        "@carbon/layout": "^11.11.0"
      }
    },
    "node_modules/@carbon/layout": {
      "version": "11.11.0",
      "resolved": "https://registry.npmjs.org/@carbon/layout/-/layout-11.11.0.tgz",
      "integrity": "sha512-0AuBxoJ+4HiYDIou0xR/jRtGDjTZ2ew1qeViQd04aM0GdZDGhjPTwU9u9CLCKAZEK4dYcewqWat1FQI4diYaOA=="
    }
  },
  "dependencies": {
    "@carbon/grid": {
      "version": "11.11.0",
      "resolved": "https://registry.npmjs.org/@carbon/grid/-/grid-11.11.0.tgz",
      "integrity": "sha512-07U2cC5lgvy7gWveUtE0wuYUxu6Dndglnajy1FJAeV7BEd2t6cgU/t7AOaL8RhoXPjE7tarN5tnZImw5nmzQYQ==",
      "requires": {
        "@carbon/layout": "^11.11.0"
      }
    },
    "@carbon/layout": {
      "version": "11.11.0",
      "resolved": "https://registry.npmjs.org/@carbon/layout/-/layout-11.11.0.tgz",
      "integrity": "sha512-0AuBxoJ+4HiYDIou0xR/jRtGDjTZ2ew1qeViQd04aM0GdZDGhjPTwU9u9CLCKAZEK4dYcewqWat1FQI4diYaOA=="
    }
  }
}
